// !$*UTF8*$!
{
	archiveVersion = 1;
	classes = {
	};
	objectVersion = 48;
	objects = {

/* Begin PBXBuildFile section */
		63235C362040D89A00973219 /* SearchResultCell.swift in Sources */ = {isa = PBXBuildFile; fileRef = 63235C352040D89A00973219 /* SearchResultCell.swift */; };
		63235C80205C855800973219 /* UIImageView+DownloadImage.swift in Sources */ = {isa = PBXBuildFile; fileRef = 63235C7F205C855800973219 /* UIImageView+DownloadImage.swift */; };
		634FBDBF206076EA0095030E /* DetailViewController.swift in Sources */ = {isa = PBXBuildFile; fileRef = 634FBDBE206076EA0095030E /* DetailViewController.swift */; };
		634FBDC120607B080095030E /* DimmingPresentationController.swift in Sources */ = {isa = PBXBuildFile; fileRef = 634FBDC020607B080095030E /* DimmingPresentationController.swift */; };
		634FBDC32061E3300095030E /* GradientView.swift in Sources */ = {isa = PBXBuildFile; fileRef = 634FBDC22061E3300095030E /* GradientView.swift */; };
		634FBDC52061E69A0095030E /* BounceAnimationController.swift in Sources */ = {isa = PBXBuildFile; fileRef = 634FBDC42061E69A0095030E /* BounceAnimationController.swift */; };
		634FBDC72061EC0F0095030E /* SlideOutAnimationController.swift in Sources */ = {isa = PBXBuildFile; fileRef = 634FBDC62061EC0F0095030E /* SlideOutAnimationController.swift */; };
		634FBDC920659C890095030E /* LandscapeViewController.swift in Sources */ = {isa = PBXBuildFile; fileRef = 634FBDC820659C890095030E /* LandscapeViewController.swift */; };
		634FBDCB2065B2F20095030E /* FadeOutAnimationController.swift in Sources */ = {isa = PBXBuildFile; fileRef = 634FBDCA2065B2F20095030E /* FadeOutAnimationController.swift */; };
		634FBDCD206AFCA60095030E /* Search.swift in Sources */ = {isa = PBXBuildFile; fileRef = 634FBDCC206AFCA60095030E /* Search.swift */; };
		634FBDCE206C4A0C0095030E /* NothingFoundCell.xib in Resources */ = {isa = PBXBuildFile; fileRef = 634FBDD0206C4A0C0095030E /* NothingFoundCell.xib */; };
		634FBDD2206C4BD90095030E /* LoadingCell.xib in Resources */ = {isa = PBXBuildFile; fileRef = 634FBDD4206C4BD90095030E /* LoadingCell.xib */; };
		634FBDD9206C4D750095030E /* SearchResultCell.xib in Resources */ = {isa = PBXBuildFile; fileRef = 634FBDDB206C4D750095030E /* SearchResultCell.xib */; };
		634FBDDE206C50D60095030E /* Localizable.strings in Resources */ = {isa = PBXBuildFile; fileRef = 634FBDE0206C50D60095030E /* Localizable.strings */; };
		634FBDE5206C5B9D0095030E /* InfoPlist.strings in Resources */ = {isa = PBXBuildFile; fileRef = 634FBDE7206C5B9D0095030E /* InfoPlist.strings */; };
		634FBDEA206F12900095030E /* MenuTableViewController.swift in Sources */ = {isa = PBXBuildFile; fileRef = 634FBDE9206F12900095030E /* MenuTableViewController.swift */; };
		63E260E2203E3AA300BA8053 /* AppDelegate.swift in Sources */ = {isa = PBXBuildFile; fileRef = 63E260E1203E3AA300BA8053 /* AppDelegate.swift */; };
		63E260E4203E3AA300BA8053 /* SearchViewController.swift in Sources */ = {isa = PBXBuildFile; fileRef = 63E260E3203E3AA300BA8053 /* SearchViewController.swift */; };
		63E260E7203E3AA300BA8053 /* Main.storyboard in Resources */ = {isa = PBXBuildFile; fileRef = 63E260E5203E3AA300BA8053 /* Main.storyboard */; };
		63E260E9203E3AA300BA8053 /* Assets.xcassets in Resources */ = {isa = PBXBuildFile; fileRef = 63E260E8203E3AA300BA8053 /* Assets.xcassets */; };
		63E260F4203E490400BA8053 /* SearchResult.swift in Sources */ = {isa = PBXBuildFile; fileRef = 63E260F3203E490400BA8053 /* SearchResult.swift */; };
/* End PBXBuildFile section */

/* Begin PBXFileReference section */
		63235C352040D89A00973219 /* SearchResultCell.swift */ = {isa = PBXFileReference; lastKnownFileType = sourcecode.swift; path = SearchResultCell.swift; sourceTree = "<group>"; };
		63235C7F205C855800973219 /* UIImageView+DownloadImage.swift */ = {isa = PBXFileReference; lastKnownFileType = sourcecode.swift; path = "UIImageView+DownloadImage.swift"; sourceTree = "<group>"; };
		634FBDBE206076EA0095030E /* DetailViewController.swift */ = {isa = PBXFileReference; lastKnownFileType = sourcecode.swift; path = DetailViewController.swift; sourceTree = "<group>"; };
		634FBDC020607B080095030E /* DimmingPresentationController.swift */ = {isa = PBXFileReference; lastKnownFileType = sourcecode.swift; path = DimmingPresentationController.swift; sourceTree = "<group>"; };
		634FBDC22061E3300095030E /* GradientView.swift */ = {isa = PBXFileReference; lastKnownFileType = sourcecode.swift; path = GradientView.swift; sourceTree = "<group>"; };
		634FBDC42061E69A0095030E /* BounceAnimationController.swift */ = {isa = PBXFileReference; lastKnownFileType = sourcecode.swift; path = BounceAnimationController.swift; sourceTree = "<group>"; };
		634FBDC62061EC0F0095030E /* SlideOutAnimationController.swift */ = {isa = PBXFileReference; lastKnownFileType = sourcecode.swift; path = SlideOutAnimationController.swift; sourceTree = "<group>"; };
		634FBDC820659C890095030E /* LandscapeViewController.swift */ = {isa = PBXFileReference; lastKnownFileType = sourcecode.swift; path = LandscapeViewController.swift; sourceTree = "<group>"; };
		634FBDCA2065B2F20095030E /* FadeOutAnimationController.swift */ = {isa = PBXFileReference; lastKnownFileType = sourcecode.swift; path = FadeOutAnimationController.swift; sourceTree = "<group>"; };
		634FBDCC206AFCA60095030E /* Search.swift */ = {isa = PBXFileReference; lastKnownFileType = sourcecode.swift; path = Search.swift; sourceTree = "<group>"; };
		634FBDCF206C4A0C0095030E /* en */ = {isa = PBXFileReference; lastKnownFileType = file.xib; name = en; path = en.lproj/NothingFoundCell.xib; sourceTree = "<group>"; };
		634FBDD1206C4A860095030E /* nl */ = {isa = PBXFileReference; lastKnownFileType = file.xib; name = nl; path = nl.lproj/NothingFoundCell.xib; sourceTree = "<group>"; };
		634FBDD3206C4BD90095030E /* Base */ = {isa = PBXFileReference; lastKnownFileType = file.xib; name = Base; path = Base.lproj/LoadingCell.xib; sourceTree = "<group>"; };
		634FBDD6206C4BF00095030E /* nl */ = {isa = PBXFileReference; lastKnownFileType = text.plist.strings; name = nl; path = nl.lproj/LoadingCell.strings; sourceTree = "<group>"; };
		634FBDD8206C4C800095030E /* nl */ = {isa = PBXFileReference; lastKnownFileType = text.plist.strings; name = nl; path = nl.lproj/Main.strings; sourceTree = "<group>"; };
		634FBDDA206C4D750095030E /* Base */ = {isa = PBXFileReference; lastKnownFileType = file.xib; name = Base; path = Base.lproj/SearchResultCell.xib; sourceTree = "<group>"; };
		634FBDDF206C50D60095030E /* en */ = {isa = PBXFileReference; lastKnownFileType = text.plist.strings; name = en; path = en.lproj/Localizable.strings; sourceTree = "<group>"; };
		634FBDE2206C56300095030E /* nl */ = {isa = PBXFileReference; lastKnownFileType = text.plist.strings; name = nl; path = nl.lproj/Localizable.strings; sourceTree = "<group>"; };
		634FBDE6206C5B9D0095030E /* en */ = {isa = PBXFileReference; lastKnownFileType = text.plist.strings; name = en; path = en.lproj/InfoPlist.strings; sourceTree = "<group>"; };
		634FBDE8206C5BA90095030E /* nl */ = {isa = PBXFileReference; lastKnownFileType = text.plist.strings; name = nl; path = nl.lproj/InfoPlist.strings; sourceTree = "<group>"; };
		634FBDE9206F12900095030E /* MenuTableViewController.swift */ = {isa = PBXFileReference; lastKnownFileType = sourcecode.swift; path = MenuTableViewController.swift; sourceTree = "<group>"; };
		63E260DE203E3AA300BA8053 /* StoreSearch.app */ = {isa = PBXFileReference; explicitFileType = wrapper.application; includeInIndex = 0; path = StoreSearch.app; sourceTree = BUILT_PRODUCTS_DIR; };
		63E260E1203E3AA300BA8053 /* AppDelegate.swift */ = {isa = PBXFileReference; lastKnownFileType = sourcecode.swift; path = AppDelegate.swift; sourceTree = "<group>"; };
		63E260E3203E3AA300BA8053 /* SearchViewController.swift */ = {isa = PBXFileReference; lastKnownFileType = sourcecode.swift; path = SearchViewController.swift; sourceTree = "<group>"; };
		63E260E6203E3AA300BA8053 /* Base */ = {isa = PBXFileReference; lastKnownFileType = file.storyboard; name = Base; path = Base.lproj/Main.storyboard; sourceTree = "<group>"; };
		63E260E8203E3AA300BA8053 /* Assets.xcassets */ = {isa = PBXFileReference; lastKnownFileType = folder.assetcatalog; path = Assets.xcassets; sourceTree = "<group>"; };
		63E260ED203E3AA300BA8053 /* Info.plist */ = {isa = PBXFileReference; lastKnownFileType = text.plist.xml; path = Info.plist; sourceTree = "<group>"; };
		63E260F3203E490400BA8053 /* SearchResult.swift */ = {isa = PBXFileReference; lastKnownFileType = sourcecode.swift; path = SearchResult.swift; sourceTree = "<group>"; };
/* End PBXFileReference section */

/* Begin PBXFrameworksBuildPhase section */
		63E260DB203E3AA300BA8053 /* Frameworks */ = {
			isa = PBXFrameworksBuildPhase;
			buildActionMask = 2147483647;
			files = (
			);
			runOnlyForDeploymentPostprocessing = 0;
		};
/* End PBXFrameworksBuildPhase section */

/* Begin PBXGroup section */
		63E260D5203E3AA300BA8053 = {
			isa = PBXGroup;
			children = (
				63E260E0203E3AA300BA8053 /* StoreSearch */,
				63E260DF203E3AA300BA8053 /* Products */,
			);
			sourceTree = "<group>";
		};
		63E260DF203E3AA300BA8053 /* Products */ = {
			isa = PBXGroup;
			children = (
				63E260DE203E3AA300BA8053 /* StoreSearch.app */,
			);
			name = Products;
			sourceTree = "<group>";
		};
		63E260E0203E3AA300BA8053 /* StoreSearch */ = {
			isa = PBXGroup;
			children = (
				634FBDCC206AFCA60095030E /* Search.swift */,
				63E260E1203E3AA300BA8053 /* AppDelegate.swift */,
				63E260E8203E3AA300BA8053 /* Assets.xcassets */,
				63E260ED203E3AA300BA8053 /* Info.plist */,
				634FBDD4206C4BD90095030E /* LoadingCell.xib */,
				63E260E5203E3AA300BA8053 /* Main.storyboard */,
				634FBDD0206C4A0C0095030E /* NothingFoundCell.xib */,
				63E260F3203E490400BA8053 /* SearchResult.swift */,
				63235C352040D89A00973219 /* SearchResultCell.swift */,
				634FBDDB206C4D750095030E /* SearchResultCell.xib */,
				63E260E3203E3AA300BA8053 /* SearchViewController.swift */,
				634FBDC020607B080095030E /* DimmingPresentationController.swift */,
				634FBDC62061EC0F0095030E /* SlideOutAnimationController.swift */,
				63235C7F205C855800973219 /* UIImageView+DownloadImage.swift */,
				634FBDBE206076EA0095030E /* DetailViewController.swift */,
				634FBDCA2065B2F20095030E /* FadeOutAnimationController.swift */,
				634FBDC820659C890095030E /* LandscapeViewController.swift */,
				634FBDC42061E69A0095030E /* BounceAnimationController.swift */,
				634FBDC22061E3300095030E /* GradientView.swift */,
				634FBDE0206C50D60095030E /* Localizable.strings */,
				634FBDE7206C5B9D0095030E /* InfoPlist.strings */,
				634FBDE9206F12900095030E /* MenuTableViewController.swift */,
			);
			path = StoreSearch;
			sourceTree = "<group>";
		};
/* End PBXGroup section */

/* Begin PBXNativeTarget section */
		63E260DD203E3AA300BA8053 /* StoreSearch */ = {
			isa = PBXNativeTarget;
			buildConfigurationList = 63E260F0203E3AA300BA8053 /* Build configuration list for PBXNativeTarget "StoreSearch" */;
			buildPhases = (
				63E260DA203E3AA300BA8053 /* Sources */,
				63E260DB203E3AA300BA8053 /* Frameworks */,
				63E260DC203E3AA300BA8053 /* Resources */,
			);
			buildRules = (
			);
			dependencies = (
			);
			name = StoreSearch;
			productName = StoreSearch;
			productReference = 63E260DE203E3AA300BA8053 /* StoreSearch.app */;
			productType = "com.apple.product-type.application";
		};
/* End PBXNativeTarget section */

/* Begin PBXProject section */
		63E260D6203E3AA300BA8053 /* Project object */ = {
			isa = PBXProject;
			attributes = {
				LastSwiftUpdateCheck = 0920;
				LastUpgradeCheck = 0920;
				ORGANIZATIONNAME = "Chad Williams";
				TargetAttributes = {
					63E260DD203E3AA300BA8053 = {
						CreatedOnToolsVersion = 9.2;
						ProvisioningStyle = Automatic;
					};
				};
			};
			buildConfigurationList = 63E260D9203E3AA300BA8053 /* Build configuration list for PBXProject "StoreSearch" */;
			compatibilityVersion = "Xcode 8.0";
			developmentRegion = en;
			hasScannedForEncodings = 0;
			knownRegions = (
				en,
				Base,
				nl,
			);
			mainGroup = 63E260D5203E3AA300BA8053;
			productRefGroup = 63E260DF203E3AA300BA8053 /* Products */;
			projectDirPath = "";
			projectRoot = "";
			targets = (
				63E260DD203E3AA300BA8053 /* StoreSearch */,
			);
		};
/* End PBXProject section */

/* Begin PBXResourcesBuildPhase section */
		63E260DC203E3AA300BA8053 /* Resources */ = {
			isa = PBXResourcesBuildPhase;
			buildActionMask = 2147483647;
			files = (
				63E260E9203E3AA300BA8053 /* Assets.xcassets in Resources */,
				634FBDE5206C5B9D0095030E /* InfoPlist.strings in Resources */,
				634FBDDE206C50D60095030E /* Localizable.strings in Resources */,
				634FBDD2206C4BD90095030E /* LoadingCell.xib in Resources */,
				634FBDD9206C4D750095030E /* SearchResultCell.xib in Resources */,
				634FBDCE206C4A0C0095030E /* NothingFoundCell.xib in Resources */,
				63E260E7203E3AA300BA8053 /* Main.storyboard in Resources */,
			);
			runOnlyForDeploymentPostprocessing = 0;
		};
/* End PBXResourcesBuildPhase section */

/* Begin PBXSourcesBuildPhase section */
		63E260DA203E3AA300BA8053 /* Sources */ = {
			isa = PBXSourcesBuildPhase;
			buildActionMask = 2147483647;
			files = (
				634FBDCD206AFCA60095030E /* Search.swift in Sources */,
				63E260E4203E3AA300BA8053 /* SearchViewController.swift in Sources */,
				634FBDC120607B080095030E /* DimmingPresentationController.swift in Sources */,
				634FBDCB2065B2F20095030E /* FadeOutAnimationController.swift in Sources */,
				63E260F4203E490400BA8053 /* SearchResult.swift in Sources */,
				63235C362040D89A00973219 /* SearchResultCell.swift in Sources */,
				634FBDC52061E69A0095030E /* BounceAnimationController.swift in Sources */,
				634FBDC920659C890095030E /* LandscapeViewController.swift in Sources */,
				634FBDEA206F12900095030E /* MenuTableViewController.swift in Sources */,
				634FBDBF206076EA0095030E /* DetailViewController.swift in Sources */,
				63E260E2203E3AA300BA8053 /* AppDelegate.swift in Sources */,
				634FBDC32061E3300095030E /* GradientView.swift in Sources */,
				63235C80205C855800973219 /* UIImageView+DownloadImage.swift in Sources */,
				634FBDC72061EC0F0095030E /* SlideOutAnimationController.swift in Sources */,
			);
			runOnlyForDeploymentPostprocessing = 0;
		};
/* End PBXSourcesBuildPhase section */

/* Begin PBXVariantGroup section */
		634FBDD0206C4A0C0095030E /* NothingFoundCell.xib */ = {
			isa = PBXVariantGroup;
			children = (
				634FBDCF206C4A0C0095030E /* en */,
				634FBDD1206C4A860095030E /* nl */,
			);
			name = NothingFoundCell.xib;
			sourceTree = "<group>";
		};
		634FBDD4206C4BD90095030E /* LoadingCell.xib */ = {
			isa = PBXVariantGroup;
			children = (
				634FBDD3206C4BD90095030E /* Base */,
				634FBDD6206C4BF00095030E /* nl */,
			);
			name = LoadingCell.xib;
			sourceTree = "<group>";
		};
		634FBDDB206C4D750095030E /* SearchResultCell.xib */ = {
			isa = PBXVariantGroup;
			children = (
				634FBDDA206C4D750095030E /* Base */,
			);
			name = SearchResultCell.xib;
			sourceTree = "<group>";
		};
		634FBDE0206C50D60095030E /* Localizable.strings */ = {
			isa = PBXVariantGroup;
			children = (
				634FBDDF206C50D60095030E /* en */,
				634FBDE2206C56300095030E /* nl */,
			);
			name = Localizable.strings;
			sourceTree = "<group>";
		};
		634FBDE7206C5B9D0095030E /* InfoPlist.strings */ = {
			isa = PBXVariantGroup;
			children = (
				634FBDE6206C5B9D0095030E /* en */,
				634FBDE8206C5BA90095030E /* nl */,
			);
			name = InfoPlist.strings;
			sourceTree = "<group>";
		};
		63E260E5203E3AA300BA8053 /* Main.storyboard */ = {
			isa = PBXVariantGroup;
			children = (
				63E260E6203E3AA300BA8053 /* Base */,
				634FBDD8206C4C800095030E /* nl */,
			);
			name = Main.storyboard;
			sourceTree = "<group>";
		};
/* End PBXVariantGroup section */

/* Begin XCBuildConfiguration section */
		63E260EE203E3AA300BA8053 /* Debug */ = {
			isa = XCBuildConfiguration;
			buildSettings = {
				ALWAYS_SEARCH_USER_PATHS = NO;
				CLANG_ANALYZER_LOCALIZABILITY_NONLOCALIZED = YES;
				CLANG_ANALYZER_NONNULL = YES;
				CLANG_ANALYZER_NUMBER_OBJECT_CONVERSION = YES_AGGRESSIVE;
				CLANG_CXX_LANGUAGE_STANDARD = "gnu++14";
				CLANG_CXX_LIBRARY = "libc++";
				CLANG_ENABLE_MODULES = YES;
				CLANG_ENABLE_OBJC_ARC = YES;
				CLANG_WARN_BLOCK_CAPTURE_AUTORELEASING = YES;
				CLANG_WARN_BOOL_CONVERSION = YES;
				CLANG_WARN_COMMA = YES;
				CLANG_WARN_CONSTANT_CONVERSION = YES;
				CLANG_WARN_DIRECT_OBJC_ISA_USAGE = YES_ERROR;
				CLANG_WARN_DOCUMENTATION_COMMENTS = YES;
				CLANG_WARN_EMPTY_BODY = YES;
				CLANG_WARN_ENUM_CONVERSION = YES;
				CLANG_WARN_INFINITE_RECURSION = YES;
				CLANG_WARN_INT_CONVERSION = YES;
				CLANG_WARN_NON_LITERAL_NULL_CONVERSION = YES;
				CLANG_WARN_OBJC_LITERAL_CONVERSION = YES;
				CLANG_WARN_OBJC_ROOT_CLASS = YES_ERROR;
				CLANG_WARN_RANGE_LOOP_ANALYSIS = YES;
				CLANG_WARN_STRICT_PROTOTYPES = YES;
				CLANG_WARN_SUSPICIOUS_MOVE = YES;
				CLANG_WARN_UNGUARDED_AVAILABILITY = YES_AGGRESSIVE;
				CLANG_WARN_UNREACHABLE_CODE = YES;
				CLANG_WARN__DUPLICATE_METHOD_MATCH = YES;
				CODE_SIGN_IDENTITY = "iPhone Developer";
				COPY_PHASE_STRIP = NO;
				DEBUG_INFORMATION_FORMAT = dwarf;
				ENABLE_STRICT_OBJC_MSGSEND = YES;
				ENABLE_TESTABILITY = YES;
				GCC_C_LANGUAGE_STANDARD = gnu11;
				GCC_DYNAMIC_NO_PIC = NO;
				GCC_NO_COMMON_BLOCKS = YES;
				GCC_OPTIMIZATION_LEVEL = 0;
				GCC_PREPROCESSOR_DEFINITIONS = (
					"DEBUG=1",
					"$(inherited)",
				);
				GCC_WARN_64_TO_32_BIT_CONVERSION = YES;
				GCC_WARN_ABOUT_RETURN_TYPE = YES_ERROR;
				GCC_WARN_UNDECLARED_SELECTOR = YES;
				GCC_WARN_UNINITIALIZED_AUTOS = YES_AGGRESSIVE;
				GCC_WARN_UNUSED_FUNCTION = YES;
				GCC_WARN_UNUSED_VARIABLE = YES;
				IPHONEOS_DEPLOYMENT_TARGET = 11.2;
				MTL_ENABLE_DEBUG_INFO = YES;
				ONLY_ACTIVE_ARCH = YES;
				SDKROOT = iphoneos;
				SWIFT_ACTIVE_COMPILATION_CONDITIONS = DEBUG;
				SWIFT_OPTIMIZATION_LEVEL = "-Onone";
			};
			name = Debug;
		};
		63E260EF203E3AA300BA8053 /* Release */ = {
			isa = XCBuildConfiguration;
			buildSettings = {
				ALWAYS_SEARCH_USER_PATHS = NO;
				CLANG_ANALYZER_LOCALIZABILITY_NONLOCALIZED = YES;
				CLANG_ANALYZER_NONNULL = YES;
				CLANG_ANALYZER_NUMBER_OBJECT_CONVERSION = YES_AGGRESSIVE;
				CLANG_CXX_LANGUAGE_STANDARD = "gnu++14";
				CLANG_CXX_LIBRARY = "libc++";
				CLANG_ENABLE_MODULES = YES;
				CLANG_ENABLE_OBJC_ARC = YES;
				CLANG_WARN_BLOCK_CAPTURE_AUTORELEASING = YES;
				CLANG_WARN_BOOL_CONVERSION = YES;
				CLANG_WARN_COMMA = YES;
				CLANG_WARN_CONSTANT_CONVERSION = YES;
				CLANG_WARN_DIRECT_OBJC_ISA_USAGE = YES_ERROR;
				CLANG_WARN_DOCUMENTATION_COMMENTS = YES;
				CLANG_WARN_EMPTY_BODY = YES;
				CLANG_WARN_ENUM_CONVERSION = YES;
				CLANG_WARN_INFINITE_RECURSION = YES;
				CLANG_WARN_INT_CONVERSION = YES;
				CLANG_WARN_NON_LITERAL_NULL_CONVERSION = YES;
				CLANG_WARN_OBJC_LITERAL_CONVERSION = YES;
				CLANG_WARN_OBJC_ROOT_CLASS = YES_ERROR;
				CLANG_WARN_RANGE_LOOP_ANALYSIS = YES;
				CLANG_WARN_STRICT_PROTOTYPES = YES;
				CLANG_WARN_SUSPICIOUS_MOVE = YES;
				CLANG_WARN_UNGUARDED_AVAILABILITY = YES_AGGRESSIVE;
				CLANG_WARN_UNREACHABLE_CODE = YES;
				CLANG_WARN__DUPLICATE_METHOD_MATCH = YES;
				CODE_SIGN_IDENTITY = "iPhone Developer";
				COPY_PHASE_STRIP = NO;
				DEBUG_INFORMATION_FORMAT = "dwarf-with-dsym";
				ENABLE_NS_ASSERTIONS = NO;
				ENABLE_STRICT_OBJC_MSGSEND = YES;
				GCC_C_LANGUAGE_STANDARD = gnu11;
				GCC_NO_COMMON_BLOCKS = YES;
				GCC_WARN_64_TO_32_BIT_CONVERSION = YES;
				GCC_WARN_ABOUT_RETURN_TYPE = YES_ERROR;
				GCC_WARN_UNDECLARED_SELECTOR = YES;
				GCC_WARN_UNINITIALIZED_AUTOS = YES_AGGRESSIVE;
				GCC_WARN_UNUSED_FUNCTION = YES;
				GCC_WARN_UNUSED_VARIABLE = YES;
				IPHONEOS_DEPLOYMENT_TARGET = 11.2;
				MTL_ENABLE_DEBUG_INFO = NO;
				SDKROOT = iphoneos;
				SWIFT_OPTIMIZATION_LEVEL = "-Owholemodule";
				VALIDATE_PRODUCT = YES;
			};
			name = Release;
		};
		63E260F1203E3AA300BA8053 /* Debug */ = {
			isa = XCBuildConfiguration;
			buildSettings = {
				ASSETCATALOG_COMPILER_APPICON_NAME = AppIcon;
				CODE_SIGN_STYLE = Automatic;
				DEVELOPMENT_TEAM = USX5JPN9EV;
				INFOPLIST_FILE = StoreSearch/Info.plist;
				LD_RUNPATH_SEARCH_PATHS = "$(inherited) @executable_path/Frameworks";
				PRODUCT_BUNDLE_IDENTIFIER = com.voidarray.StoreSearch;
				PRODUCT_NAME = "$(TARGET_NAME)";
				SWIFT_VERSION = 4.0;
				TARGETED_DEVICE_FAMILY = "1,2";
			};
			name = Debug;
		};
		63E260F2203E3AA300BA8053 /* Release */ = {
			isa = XCBuildConfiguration;
			buildSettings = {
				ASSETCATALOG_COMPILER_APPICON_NAME = AppIcon;
				CODE_SIGN_STYLE = Automatic;
				DEVELOPMENT_TEAM = USX5JPN9EV;
				INFOPLIST_FILE = StoreSearch/Info.plist;
				LD_RUNPATH_SEARCH_PATHS = "$(inherited) @executable_path/Frameworks";
				PRODUCT_BUNDLE_IDENTIFIER = com.voidarray.StoreSearch;
				PRODUCT_NAME = "$(TARGET_NAME)";
				SWIFT_VERSION = 4.0;
				TARGETED_DEVICE_FAMILY = "1,2";
			};
			name = Release;
		};
/* End XCBuildConfiguration section */

/* Begin XCConfigurationList section */
		63E260D9203E3AA300BA8053 /* Build configuration list for PBXProject "StoreSearch" */ = {
			isa = XCConfigurationList;
			buildConfigurations = (
				63E260EE203E3AA300BA8053 /* Debug */,
				63E260EF203E3AA300BA8053 /* Release */,
			);
			defaultConfigurationIsVisible = 0;
			defaultConfigurationName = Release;
		};
		63E260F0203E3AA300BA8053 /* Build configuration list for PBXNativeTarget "StoreSearch" */ = {
			isa = XCConfigurationList;
			buildConfigurations = (
				63E260F1203E3AA300BA8053 /* Debug */,
				63E260F2203E3AA300BA8053 /* Release */,
			);
			defaultConfigurationIsVisible = 0;
			defaultConfigurationName = Release;
		};
/* End XCConfigurationList section */
	};
	rootObject = 63E260D6203E3AA300BA8053 /* Project object */;
}
